// !$*UTF8*$!
{
	archiveVersion = 1;
	classes = {
	};
	objectVersion = 46;
	objects = {

/* Begin PBXBuildFile section */
		214354EB1BADB34100B65E1E /* main.cpp in Sources */ = {isa = PBXBuildFile; fileRef = 214354EA1BADB34100B65E1E /* main.cpp */; };
		214354F21BADB35700B65E1E /* GLUT.framework in Frameworks */ = {isa = PBXBuildFile; fileRef = 214354F11BADB35700B65E1E /* GLUT.framework */; };
		214354F41BADB35F00B65E1E /* OpenGL.framework in Frameworks */ = {isa = PBXBuildFile; fileRef = 214354F31BADB35F00B65E1E /* OpenGL.framework */; };
/* End PBXBuildFile section */

/* Begin PBXCopyFilesBuildPhase section */
		214354E51BADB34100B65E1E /* CopyFiles */ = {
			isa = PBXCopyFilesBuildPhase;
			buildActionMask = 2147483647;
			dstPath = /usr/share/man/man1/;
			dstSubfolderSpec = 0;
			files = (
			);
			runOnlyForDeploymentPostprocessing = 1;
		};
/* End PBXCopyFilesBuildPhase section */

/* Begin PBXFileReference section */
		214354E71BADB34100B65E1E /* OpenGL_4_3 */ = {isa = PBXFileReference; explicitFileType = "compiled.mach-o.executable"; includeInIndex = 0; path = OpenGL_4_3; sourceTree = BUILT_PRODUCTS_DIR; };
		214354EA1BADB34100B65E1E /* main.cpp */ = {isa = PBXFileReference; lastKnownFileType = sourcecode.cpp.cpp; path = main.cpp; sourceTree = "<group>"; };
		214354F11BADB35700B65E1E /* GLUT.framework */ = {isa = PBXFileReference; lastKnownFileType = wrapper.framework; name = GLUT.framework; path = System/Library/Frameworks/GLUT.framework; sourceTree = SDKROOT; };
		214354F31BADB35F00B65E1E /* OpenGL.framework */ = {isa = PBXFileReference; lastKnownFileType = wrapper.framework; name = OpenGL.framework; path = System/Library/Frameworks/OpenGL.framework; sourceTree = SDKROOT; };
/* End PBXFileReference section */

/* Begin PBXFrameworksBuildPhase section */
		214354E41BADB34100B65E1E /* Frameworks */ = {
			isa = PBXFrameworksBuildPhase;
			buildActionMask = 2147483647;
			files = (
				214354F41BADB35F00B65E1E /* OpenGL.framework in Frameworks */,
				214354F21BADB35700B65E1E /* GLUT.framework in Frameworks */,
			);
			runOnlyForDeploymentPostprocessing = 0;
		};
/* End PBXFrameworksBuildPhase section */

/* Begin PBXGroup section */
		214354DE1BADB34000B65E1E = {
			isa = PBXGroup;
			children = (
				214354F31BADB35F00B65E1E /* OpenGL.framework */,
				214354F11BADB35700B65E1E /* GLUT.framework */,
				214354E91BADB34100B65E1E /* OpenGL_4_3 */,
				214354E81BADB34100B65E1E /* Products */,
			);
			sourceTree = "<group>";
		};
		214354E81BADB34100B65E1E /* Products */ = {
			isa = PBXGroup;
			children = (
				214354E71BADB34100B65E1E /* OpenGL_4_3 */,
			);
			name = Products;
			sourceTree = "<group>";
		};
		214354E91BADB34100B65E1E /* OpenGL_4_3 */ = {
			isa = PBXGroup;
			children = (
				214354EA1BADB34100B65E1E /* main.cpp */,
			);
			path = OpenGL_4_3;
			sourceTree = "<group>";
		};
/* End PBXGroup section */

/* Begin PBXNativeTarget section */
		214354E61BADB34100B65E1E /* OpenGL_4_3 */ = {
			isa = PBXNativeTarget;
			buildConfigurationList = 214354EE1BADB34100B65E1E /* Build configuration list for PBXNativeTarget "OpenGL_4_3" */;
			buildPhases = (
				214354E31BADB34100B65E1E /* Sources */,
				214354E41BADB34100B65E1E /* Frameworks */,
				214354E51BADB34100B65E1E /* CopyFiles */,
			);
			buildRules = (
			);
			dependencies = (
			);
			name = OpenGL_4_3;
			productName = OpenGL_4_3;
			productReference = 214354E71BADB34100B65E1E /* OpenGL_4_3 */;
			productType = "com.apple.product-type.tool";
		};
/* End PBXNativeTarget section */

/* Begin PBXProject section */
		214354DF1BADB34000B65E1E /* Project object */ = {
			isa = PBXProject;
			attributes = {
				LastUpgradeCheck = 0700;
				ORGANIZATIONNAME = Flag;
				TargetAttributes = {
					214354E61BADB34100B65E1E = {
						CreatedOnToolsVersion = 7.0;
					};
				};
			};
			buildConfigurationList = 214354E21BADB34000B65E1E /* Build configuration list for PBXProject "OpenGL_4_3" */;
			compatibilityVersion = "Xcode 3.2";
			developmentRegion = English;
			hasScannedForEncodings = 0;
			knownRegions = (
				en,
			);
			mainGroup = 214354DE1BADB34000B65E1E;
			productRefGroup = 214354E81BADB34100B65E1E /* Products */;
			projectDirPath = "";
			projectRoot = "";
			targets = (
				214354E61BADB34100B65E1E /* OpenGL_4_3 */,
			);
		};
/* End PBXProject section */

/* Begin PBXSourcesBuildPhase section */
		214354E31BADB34100B65E1E /* Sources */ = {
			isa = PBXSourcesBuildPhase;
			buildActionMask = 2147483647;
			files = (
				214354EB1BADB34100B65E1E /* main.cpp in Sources */,
			);
			runOnlyForDeploymentPostprocessing = 0;
		};
/* End PBXSourcesBuildPhase section */

/* Begin XCBuildConfiguration section */
		214354EC1BADB34100B65E1E /* Debug */ = {
			isa = XCBuildConfiguration;
			buildSettings = {
				ALWAYS_SEARCH_USER_PATHS = NO;
				CLANG_CXX_LANGUAGE_STANDARD = "gnu++0x";
				CLANG_CXX_LIBRARY = "libc++";
				CLANG_ENABLE_MODULES = YES;
				CLANG_ENABLE_OBJC_ARC = YES;
				CLANG_WARN_BOOL_CONVERSION = YES;
				CLANG_WARN_CONSTANT_CONVERSION = YES;
				CLANG_WARN_DIRECT_OBJC_ISA_USAGE = YES_ERROR;
				CLANG_WARN_EMPTY_BODY = YES;
				CLANG_WARN_ENUM_CONVERSION = YES;
				CLANG_WARN_INT_CONVERSION = YES;
				CLANG_WARN_OBJC_ROOT_CLASS = YES_ERROR;
				CLANG_WARN_UNREACHABLE_CODE = YES;
				CLANG_WARN__DUPLICATE_METHOD_MATCH = YES;
				COPY_PHASE_STRIP = NO;
				DEBUG_INFORMATION_FORMAT = dwarf;
				ENABLE_STRICT_OBJC_MSGSEND = YES;
				ENABLE_TESTABILITY = YES;
				GCC_C_LANGUAGE_STANDARD = gnu99;
				GCC_DYNAMIC_NO_PIC = NO;
				GCC_NO_COMMON_BLOCKS = YES;
				GCC_OPTIMIZATION_LEVEL = 0;
				GCC_PREPROCESSOR_DEFINITIONS = (
					"DEBUG=1",
					"$(inherited)",
				);
				GCC_WARN_64_TO_32_BIT_CONVERSION = YES;
				GCC_WARN_ABOUT_RETURN_TYPE = YES_ERROR;
				GCC_WARN_UNDECLARED_SELECTOR = YES;
				GCC_WARN_UNINITIALIZED_AUTOS = YES_AGGRESSIVE;
				GCC_WARN_UNUSED_FUNCTION = YES;
				GCC_WARN_UNUSED_VARIABLE = YES;
				MACOSX_DEPLOYMENT_TARGET = 10.10;
				MTL_ENABLE_DEBUG_INFO = YES;
				ONLY_ACTIVE_ARCH = YES;
				SDKROOT = macosx;
			};
			name = Debug;
		};
		214354ED1BADB34100B65E1E /* Release */ = {
			isa = XCBuildConfiguration;
			buildSettings = {
				ALWAYS_SEARCH_USER_PATHS = NO;
				CLANG_CXX_LANGUAGE_STANDARD = "gnu++0x";
				CLANG_CXX_LIBRARY = "libc++";
				CLANG_ENABLE_MODULES = YES;
				CLANG_ENABLE_OBJC_ARC = YES;
				CLANG_WARN_BOOL_CONVERSION = YES;
				CLANG_WARN_CONSTANT_CONVERSION = YES;
				CLANG_WARN_DIRECT_OBJC_ISA_USAGE = YES_ERROR;
				CLANG_WARN_EMPTY_BODY = YES;
				CLANG_WARN_ENUM_CONVERSION = YES;
				CLANG_WARN_INT_CONVERSION = YES;
				CLANG_WARN_OBJC_ROOT_CLASS = YES_ERROR;
				CLANG_WARN_UNREACHABLE_CODE = YES;
				CLANG_WARN__DUPLICATE_METHOD_MATCH = YES;
				COPY_PHASE_STRIP = NO;
				DEBUG_INFORMATION_FORMAT = "dwarf-with-dsym";
				ENABLE_NS_ASSERTIONS = NO;
				ENABLE_STRICT_OBJC_MSGSEND = YES;
				GCC_C_LANGUAGE_STANDARD = gnu99;
				GCC_NO_COMMON_BLOCKS = YES;
				GCC_WARN_64_TO_32_BIT_CONVERSION = YES;
				GCC_WARN_ABOUT_RETURN_TYPE = YES_ERROR;
				GCC_WARN_UNDECLARED_SELECTOR = YES;
				GCC_WARN_UNINITIALIZED_AUTOS = YES_AGGRESSIVE;
				GCC_WARN_UNUSED_FUNCTION = YES;
				GCC_WARN_UNUSED_VARIABLE = YES;
				MACOSX_DEPLOYMENT_TARGET = 10.10;
				MTL_ENABLE_DEBUG_INFO = NO;
				SDKROOT = macosx;
			};
			name = Release;
		};
		214354EF1BADB34100B65E1E /* Debug */ = {
			isa = XCBuildConfiguration;
			buildSettings = {
				PRODUCT_NAME = "$(TARGET_NAME)";
			};
			name = Debug;
		};
		214354F01BADB34100B65E1E /* Release */ = {
			isa = XCBuildConfiguration;
			buildSettings = {
				PRODUCT_NAME = "$(TARGET_NAME)";
			};
			name = Release;
		};
/* End XCBuildConfiguration section */

/* Begin XCConfigurationList section */
		214354E21BADB34000B65E1E /* Build configuration list for PBXProject "OpenGL_4_3" */ = {
			isa = XCConfigurationList;
			buildConfigurations = (
				214354EC1BADB34100B65E1E /* Debug */,
				214354ED1BADB34100B65E1E /* Release */,
			);
			defaultConfigurationIsVisible = 0;
			defaultConfigurationName = Release;
		};
		214354EE1BADB34100B65E1E /* Build configuration list for PBXNativeTarget "OpenGL_4_3" */ = {
			isa = XCConfigurationList;
			buildConfigurations = (
				214354EF1BADB34100B65E1E /* Debug */,
				214354F01BADB34100B65E1E /* Release */,
			);
			defaultConfigurationIsVisible = 0;
		};
/* End XCConfigurationList section */
	};
	rootObject = 214354DF1BADB34000B65E1E /* Project object */;
}
