// !$*UTF8*$!
{
	archiveVersion = 1;
	classes = {
	};
	objectVersion = 46;
	objects = {

/* Begin PBXBuildFile section */
		21847A131BADA5DD001D1623 /* main.cpp in Sources */ = {isa = PBXBuildFile; fileRef = 21847A121BADA5DD001D1623 /* main.cpp */; };
		21847A1A1BADA656001D1623 /* GLUT.framework in Frameworks */ = {isa = PBXBuildFile; fileRef = 21847A191BADA656001D1623 /* GLUT.framework */; };
		21847A1C1BADA65C001D1623 /* OpenGL.framework in Frameworks */ = {isa = PBXBuildFile; fileRef = 21847A1B1BADA65C001D1623 /* OpenGL.framework */; };
/* End PBXBuildFile section */

/* Begin PBXCopyFilesBuildPhase section */
		21847A0D1BADA5DD001D1623 /* CopyFiles */ = {
			isa = PBXCopyFilesBuildPhase;
			buildActionMask = 2147483647;
			dstPath = /usr/share/man/man1/;
			dstSubfolderSpec = 0;
			files = (
			);
			runOnlyForDeploymentPostprocessing = 1;
		};
/* End PBXCopyFilesBuildPhase section */

/* Begin PBXFileReference section */
		21847A0F1BADA5DD001D1623 /* OpenGL_4_2 */ = {isa = PBXFileReference; explicitFileType = "compiled.mach-o.executable"; includeInIndex = 0; path = OpenGL_4_2; sourceTree = BUILT_PRODUCTS_DIR; };
		21847A121BADA5DD001D1623 /* main.cpp */ = {isa = PBXFileReference; lastKnownFileType = sourcecode.cpp.cpp; path = main.cpp; sourceTree = "<group>"; };
		21847A191BADA656001D1623 /* GLUT.framework */ = {isa = PBXFileReference; lastKnownFileType = wrapper.framework; name = GLUT.framework; path = System/Library/Frameworks/GLUT.framework; sourceTree = SDKROOT; };
		21847A1B1BADA65C001D1623 /* OpenGL.framework */ = {isa = PBXFileReference; lastKnownFileType = wrapper.framework; name = OpenGL.framework; path = System/Library/Frameworks/OpenGL.framework; sourceTree = SDKROOT; };
/* End PBXFileReference section */

/* Begin PBXFrameworksBuildPhase section */
		21847A0C1BADA5DD001D1623 /* Frameworks */ = {
			isa = PBXFrameworksBuildPhase;
			buildActionMask = 2147483647;
			files = (
				21847A1C1BADA65C001D1623 /* OpenGL.framework in Frameworks */,
				21847A1A1BADA656001D1623 /* GLUT.framework in Frameworks */,
			);
			runOnlyForDeploymentPostprocessing = 0;
		};
/* End PBXFrameworksBuildPhase section */

/* Begin PBXGroup section */
		21847A061BADA5DD001D1623 = {
			isa = PBXGroup;
			children = (
				21847A1B1BADA65C001D1623 /* OpenGL.framework */,
				21847A191BADA656001D1623 /* GLUT.framework */,
				21847A111BADA5DD001D1623 /* OpenGL_4_2 */,
				21847A101BADA5DD001D1623 /* Products */,
			);
			sourceTree = "<group>";
		};
		21847A101BADA5DD001D1623 /* Products */ = {
			isa = PBXGroup;
			children = (
				21847A0F1BADA5DD001D1623 /* OpenGL_4_2 */,
			);
			name = Products;
			sourceTree = "<group>";
		};
		21847A111BADA5DD001D1623 /* OpenGL_4_2 */ = {
			isa = PBXGroup;
			children = (
				21847A121BADA5DD001D1623 /* main.cpp */,
			);
			path = OpenGL_4_2;
			sourceTree = "<group>";
		};
/* End PBXGroup section */

/* Begin PBXNativeTarget section */
		21847A0E1BADA5DD001D1623 /* OpenGL_4_2 */ = {
			isa = PBXNativeTarget;
			buildConfigurationList = 21847A161BADA5DD001D1623 /* Build configuration list for PBXNativeTarget "OpenGL_4_2" */;
			buildPhases = (
				21847A0B1BADA5DD001D1623 /* Sources */,
				21847A0C1BADA5DD001D1623 /* Frameworks */,
				21847A0D1BADA5DD001D1623 /* CopyFiles */,
			);
			buildRules = (
			);
			dependencies = (
			);
			name = OpenGL_4_2;
			productName = OpenGL_4_2;
			productReference = 21847A0F1BADA5DD001D1623 /* OpenGL_4_2 */;
			productType = "com.apple.product-type.tool";
		};
/* End PBXNativeTarget section */

/* Begin PBXProject section */
		21847A071BADA5DD001D1623 /* Project object */ = {
			isa = PBXProject;
			attributes = {
				LastUpgradeCheck = 0700;
				ORGANIZATIONNAME = Flag;
				TargetAttributes = {
					21847A0E1BADA5DD001D1623 = {
						CreatedOnToolsVersion = 7.0;
					};
				};
			};
			buildConfigurationList = 21847A0A1BADA5DD001D1623 /* Build configuration list for PBXProject "OpenGL_4_2" */;
			compatibilityVersion = "Xcode 3.2";
			developmentRegion = English;
			hasScannedForEncodings = 0;
			knownRegions = (
				en,
			);
			mainGroup = 21847A061BADA5DD001D1623;
			productRefGroup = 21847A101BADA5DD001D1623 /* Products */;
			projectDirPath = "";
			projectRoot = "";
			targets = (
				21847A0E1BADA5DD001D1623 /* OpenGL_4_2 */,
			);
		};
/* End PBXProject section */

/* Begin PBXSourcesBuildPhase section */
		21847A0B1BADA5DD001D1623 /* Sources */ = {
			isa = PBXSourcesBuildPhase;
			buildActionMask = 2147483647;
			files = (
				21847A131BADA5DD001D1623 /* main.cpp in Sources */,
			);
			runOnlyForDeploymentPostprocessing = 0;
		};
/* End PBXSourcesBuildPhase section */

/* Begin XCBuildConfiguration section */
		21847A141BADA5DD001D1623 /* Debug */ = {
			isa = XCBuildConfiguration;
			buildSettings = {
				ALWAYS_SEARCH_USER_PATHS = NO;
				CLANG_CXX_LANGUAGE_STANDARD = "gnu++0x";
				CLANG_CXX_LIBRARY = "libc++";
				CLANG_ENABLE_MODULES = YES;
				CLANG_ENABLE_OBJC_ARC = YES;
				CLANG_WARN_BOOL_CONVERSION = YES;
				CLANG_WARN_CONSTANT_CONVERSION = YES;
				CLANG_WARN_DIRECT_OBJC_ISA_USAGE = YES_ERROR;
				CLANG_WARN_EMPTY_BODY = YES;
				CLANG_WARN_ENUM_CONVERSION = YES;
				CLANG_WARN_INT_CONVERSION = YES;
				CLANG_WARN_OBJC_ROOT_CLASS = YES_ERROR;
				CLANG_WARN_UNREACHABLE_CODE = YES;
				CLANG_WARN__DUPLICATE_METHOD_MATCH = YES;
				COPY_PHASE_STRIP = NO;
				DEBUG_INFORMATION_FORMAT = dwarf;
				ENABLE_STRICT_OBJC_MSGSEND = YES;
				ENABLE_TESTABILITY = YES;
				GCC_C_LANGUAGE_STANDARD = gnu99;
				GCC_DYNAMIC_NO_PIC = NO;
				GCC_NO_COMMON_BLOCKS = YES;
				GCC_OPTIMIZATION_LEVEL = 0;
				GCC_PREPROCESSOR_DEFINITIONS = (
					"DEBUG=1",
					"$(inherited)",
				);
				GCC_WARN_64_TO_32_BIT_CONVERSION = YES;
				GCC_WARN_ABOUT_RETURN_TYPE = YES_ERROR;
				GCC_WARN_UNDECLARED_SELECTOR = YES;
				GCC_WARN_UNINITIALIZED_AUTOS = YES_AGGRESSIVE;
				GCC_WARN_UNUSED_FUNCTION = YES;
				GCC_WARN_UNUSED_VARIABLE = YES;
				MACOSX_DEPLOYMENT_TARGET = 10.10;
				MTL_ENABLE_DEBUG_INFO = YES;
				ONLY_ACTIVE_ARCH = YES;
				SDKROOT = macosx;
			};
			name = Debug;
		};
		21847A151BADA5DD001D1623 /* Release */ = {
			isa = XCBuildConfiguration;
			buildSettings = {
				ALWAYS_SEARCH_USER_PATHS = NO;
				CLANG_CXX_LANGUAGE_STANDARD = "gnu++0x";
				CLANG_CXX_LIBRARY = "libc++";
				CLANG_ENABLE_MODULES = YES;
				CLANG_ENABLE_OBJC_ARC = YES;
				CLANG_WARN_BOOL_CONVERSION = YES;
				CLANG_WARN_CONSTANT_CONVERSION = YES;
				CLANG_WARN_DIRECT_OBJC_ISA_USAGE = YES_ERROR;
				CLANG_WARN_EMPTY_BODY = YES;
				CLANG_WARN_ENUM_CONVERSION = YES;
				CLANG_WARN_INT_CONVERSION = YES;
				CLANG_WARN_OBJC_ROOT_CLASS = YES_ERROR;
				CLANG_WARN_UNREACHABLE_CODE = YES;
				CLANG_WARN__DUPLICATE_METHOD_MATCH = YES;
				COPY_PHASE_STRIP = NO;
				DEBUG_INFORMATION_FORMAT = "dwarf-with-dsym";
				ENABLE_NS_ASSERTIONS = NO;
				ENABLE_STRICT_OBJC_MSGSEND = YES;
				GCC_C_LANGUAGE_STANDARD = gnu99;
				GCC_NO_COMMON_BLOCKS = YES;
				GCC_WARN_64_TO_32_BIT_CONVERSION = YES;
				GCC_WARN_ABOUT_RETURN_TYPE = YES_ERROR;
				GCC_WARN_UNDECLARED_SELECTOR = YES;
				GCC_WARN_UNINITIALIZED_AUTOS = YES_AGGRESSIVE;
				GCC_WARN_UNUSED_FUNCTION = YES;
				GCC_WARN_UNUSED_VARIABLE = YES;
				MACOSX_DEPLOYMENT_TARGET = 10.10;
				MTL_ENABLE_DEBUG_INFO = NO;
				SDKROOT = macosx;
			};
			name = Release;
		};
		21847A171BADA5DD001D1623 /* Debug */ = {
			isa = XCBuildConfiguration;
			buildSettings = {
				PRODUCT_NAME = "$(TARGET_NAME)";
			};
			name = Debug;
		};
		21847A181BADA5DD001D1623 /* Release */ = {
			isa = XCBuildConfiguration;
			buildSettings = {
				PRODUCT_NAME = "$(TARGET_NAME)";
			};
			name = Release;
		};
/* End XCBuildConfiguration section */

/* Begin XCConfigurationList section */
		21847A0A1BADA5DD001D1623 /* Build configuration list for PBXProject "OpenGL_4_2" */ = {
			isa = XCConfigurationList;
			buildConfigurations = (
				21847A141BADA5DD001D1623 /* Debug */,
				21847A151BADA5DD001D1623 /* Release */,
			);
			defaultConfigurationIsVisible = 0;
			defaultConfigurationName = Release;
		};
		21847A161BADA5DD001D1623 /* Build configuration list for PBXNativeTarget "OpenGL_4_2" */ = {
			isa = XCConfigurationList;
			buildConfigurations = (
				21847A171BADA5DD001D1623 /* Debug */,
				21847A181BADA5DD001D1623 /* Release */,
			);
			defaultConfigurationIsVisible = 0;
		};
/* End XCConfigurationList section */
	};
	rootObject = 21847A071BADA5DD001D1623 /* Project object */;
}
